// !$*UTF8*$!
{
	archiveVersion = 1;
	classes = {
	};
	objectVersion = 55;
	objects = {

/* Begin PBXBuildFile section */
		7DA33F46A5B4A4C28F7E5C69 /* Pods_Cheater.framework in Frameworks */ = {isa = PBXBuildFile; fileRef = 0E0BB7D9FF695167719B58D0 /* Pods_Cheater.framework */; };
		B4498DF52A570E9A00B13CFA /* WXChooseStatusController.swift in Sources */ = {isa = PBXBuildFile; fileRef = B4498DF42A570E9A00B13CFA /* WXChooseStatusController.swift */; };
		B4498DF82A57C0FD00B13CFA /* WXListCellLeftSwiptHelper.swift in Sources */ = {isa = PBXBuildFile; fileRef = B4498DF72A57C0FD00B13CFA /* WXListCellLeftSwiptHelper.swift */; };
		B4498DFA2A58055000B13CFA /* AlertController.swift in Sources */ = {isa = PBXBuildFile; fileRef = B4498DF92A58055000B13CFA /* AlertController.swift */; };
		B4498DFC2A586EAE00B13CFA /* DatePickerController.swift in Sources */ = {isa = PBXBuildFile; fileRef = B4498DFB2A586EAE00B13CFA /* DatePickerController.swift */; };
		B4498DFE2A5A571E00B13CFA /* WXDetailViewController.swift in Sources */ = {isa = PBXBuildFile; fileRef = B4498DFD2A5A571E00B13CFA /* WXDetailViewController.swift */; };
		B4498E022A5AC48600B13CFA /* WXDetailCell.swift in Sources */ = {isa = PBXBuildFile; fileRef = B4498E012A5AC48600B13CFA /* WXDetailCell.swift */; };
		B4498E042A5AC7BB00B13CFA /* WXDetailModel.swift in Sources */ = {isa = PBXBuildFile; fileRef = B4498E032A5AC7BB00B13CFA /* WXDetailModel.swift */; };
		B4498E062A5AD22900B13CFA /* CellContentText.swift in Sources */ = {isa = PBXBuildFile; fileRef = B4498E052A5AD22900B13CFA /* CellContentText.swift */; };
		B475F2BB2A3698AA006C7351 /* XYHomeViewController.m in Sources */ = {isa = PBXBuildFile; fileRef = B475F2BA2A3698AA006C7351 /* XYHomeViewController.m */; };
		B48055422A5F9D9A00712CEF /* SendAudioViewController.swift in Sources */ = {isa = PBXBuildFile; fileRef = B48055412A5F9D9A00712CEF /* SendAudioViewController.swift */; };
		B48055452A5FC21700712CEF /* CellContentVoice.swift in Sources */ = {isa = PBXBuildFile; fileRef = B48055442A5FC21700712CEF /* CellContentVoice.swift */; };
		B48055472A60F09100712CEF /* CellContentTime.swift in Sources */ = {isa = PBXBuildFile; fileRef = B48055462A60F09100712CEF /* CellContentTime.swift */; };
		B48055492A60FA2000712CEF /* TimeTool.swift in Sources */ = {isa = PBXBuildFile; fileRef = B48055482A60FA2000712CEF /* TimeTool.swift */; };
		B480554D2A61450E00712CEF /* XYChatInputFunctionPad.swift in Sources */ = {isa = PBXBuildFile; fileRef = B480554C2A61450E00712CEF /* XYChatInputFunctionPad.swift */; };
		B48055502A61A66B00712CEF /* InputBarAddFunctionHelper.swift in Sources */ = {isa = PBXBuildFile; fileRef = B480554F2A61A66B00712CEF /* InputBarAddFunctionHelper.swift */; };
		B48055522A62615D00712CEF /* ChoosePhotoController.swift in Sources */ = {isa = PBXBuildFile; fileRef = B48055512A62615D00712CEF /* ChoosePhotoController.swift */; };
		B48055542A64293100712CEF /* CellContentPhoto.swift in Sources */ = {isa = PBXBuildFile; fileRef = B48055532A64293100712CEF /* CellContentPhoto.swift */; };
		B48055562A644B9D00712CEF /* SendVideoController.swift in Sources */ = {isa = PBXBuildFile; fileRef = B48055552A644B9D00712CEF /* SendVideoController.swift */; };
		B48055582A644CD300712CEF /* CellContentVideo.swift in Sources */ = {isa = PBXBuildFile; fileRef = B48055572A644CD300712CEF /* CellContentVideo.swift */; };
		B480555A2A64540300712CEF /* Categories.swift in Sources */ = {isa = PBXBuildFile; fileRef = B48055592A64540300712CEF /* Categories.swift */; };
		B480555C2A64940800712CEF /* CellContentVoip.swift in Sources */ = {isa = PBXBuildFile; fileRef = B480555B2A64940800712CEF /* CellContentVoip.swift */; };
		B480555E2A64BD7200712CEF /* SendVoipCpntroller.swift in Sources */ = {isa = PBXBuildFile; fileRef = B480555D2A64BD7200712CEF /* SendVoipCpntroller.swift */; };
		B48055602A657AB500712CEF /* SendRedpacketViewController.swift in Sources */ = {isa = PBXBuildFile; fileRef = B480555F2A657AB500712CEF /* SendRedpacketViewController.swift */; };
		B4AF223C2A65A27300405672 /* WeChatSansStd-Medium.ttf in Resources */ = {isa = PBXBuildFile; fileRef = B4AF223B2A65A27300405672 /* WeChatSansStd-Medium.ttf */; };
		B4AF223E2A683F2900405672 /* CellContentRedPacket.swift in Sources */ = {isa = PBXBuildFile; fileRef = B4AF223D2A683F2900405672 /* CellContentRedPacket.swift */; };
		B4AF22402A696A8200405672 /* CellContentMoneyTransfer.swift in Sources */ = {isa = PBXBuildFile; fileRef = B4AF223F2A696A8200405672 /* CellContentMoneyTransfer.swift */; };
		B4AF22422A6D7BC500405672 /* SendMoneyTransferViewController.swift in Sources */ = {isa = PBXBuildFile; fileRef = B4AF22412A6D7BC500405672 /* SendMoneyTransferViewController.swift */; };
		B4AF22442A6D7F7E00405672 /* MoneyTransferHeader.swift in Sources */ = {isa = PBXBuildFile; fileRef = B4AF22432A6D7F7E00405672 /* MoneyTransferHeader.swift */; };
		B4AF22472A6D895200405672 /* MoneyTransferInputView.swift in Sources */ = {isa = PBXBuildFile; fileRef = B4AF22462A6D895200405672 /* MoneyTransferInputView.swift */; };
		B4AF22492A6D896B00405672 /* MoneyTransferContentView.swift in Sources */ = {isa = PBXBuildFile; fileRef = B4AF22482A6D896B00405672 /* MoneyTransferContentView.swift */; };
		B4AF224B2A6E784700405672 /* MoneyTransferTipView.swift in Sources */ = {isa = PBXBuildFile; fileRef = B4AF224A2A6E784700405672 /* MoneyTransferTipView.swift */; };
		B4AF224D2A7013FB00405672 /* WXPayHUD.swift in Sources */ = {isa = PBXBuildFile; fileRef = B4AF224C2A7013FB00405672 /* WXPayHUD.swift */; };
		B4AF224F2A702C2700405672 /* WXPayInputPwdView.swift in Sources */ = {isa = PBXBuildFile; fileRef = B4AF224E2A702C2700405672 /* WXPayInputPwdView.swift */; };
		B4AF22532A823A9900405672 /* CellContentSysgtemMsg.swift in Sources */ = {isa = PBXBuildFile; fileRef = B4AF22522A823A9900405672 /* CellContentSysgtemMsg.swift */; };
		B4AF22552A8256A200405672 /* SendSystemMsgController.swift in Sources */ = {isa = PBXBuildFile; fileRef = B4AF22542A8256A200405672 /* SendSystemMsgController.swift */; };
		B4AF22572A83427300405672 /* BaseSendMsgController.swift in Sources */ = {isa = PBXBuildFile; fileRef = B4AF22562A83427300405672 /* BaseSendMsgController.swift */; };
		B4AF22592A834DA700405672 /* SendTimeController.swift in Sources */ = {isa = PBXBuildFile; fileRef = B4AF22582A834DA700405672 /* SendTimeController.swift */; };
		B4AF225B2A8353AC00405672 /* SendLinkController.swift in Sources */ = {isa = PBXBuildFile; fileRef = B4AF225A2A8353AC00405672 /* SendLinkController.swift */; };
		B4AF225D2A83763300405672 /* CellContentLink.swift in Sources */ = {isa = PBXBuildFile; fileRef = B4AF225C2A83763300405672 /* CellContentLink.swift */; };
		B4AF225F2A83CB9B00405672 /* CellContentFile.swift in Sources */ = {isa = PBXBuildFile; fileRef = B4AF225E2A83CB9B00405672 /* CellContentFile.swift */; };
		B4AF22612A83CBFE00405672 /* SendFileController.swift in Sources */ = {isa = PBXBuildFile; fileRef = B4AF22602A83CBFE00405672 /* SendFileController.swift */; };
		B4AF22632A83ED3B00405672 /* CellContentIDCard.swift in Sources */ = {isa = PBXBuildFile; fileRef = B4AF22622A83ED3B00405672 /* CellContentIDCard.swift */; };
		B4AF22652A83EDD100405672 /* SendIDCardController.swift in Sources */ = {isa = PBXBuildFile; fileRef = B4AF22642A83EDD100405672 /* SendIDCardController.swift */; };
		B4AF22672A83FCF300405672 /* SendLocationController.swift in Sources */ = {isa = PBXBuildFile; fileRef = B4AF22662A83FCF300405672 /* SendLocationController.swift */; };
		B4F869A42A38A011003749B8 /* WechatHomeViewController.swift in Sources */ = {isa = PBXBuildFile; fileRef = B4F869A32A38A011003749B8 /* WechatHomeViewController.swift */; };
		B4F869A72A38A346003749B8 /* WXConfig.swift in Sources */ = {isa = PBXBuildFile; fileRef = B4F869A62A38A346003749B8 /* WXConfig.swift */; };
		B4F869AA2A38A74A003749B8 /* WechatTabbar.swift in Sources */ = {isa = PBXBuildFile; fileRef = B4F869A92A38A74A003749B8 /* WechatTabbar.swift */; };
		B4F869AC2A38C41D003749B8 /* WXResources.xcassets in Resources */ = {isa = PBXBuildFile; fileRef = B4F869AB2A38C41D003749B8 /* WXResources.xcassets */; };
		B4F869AE2A396BD8003749B8 /* MineInfoView.swift in Sources */ = {isa = PBXBuildFile; fileRef = B4F869AD2A396BD8003749B8 /* MineInfoView.swift */; };
		B4F869B02A3989E9003749B8 /* WXPersonInfoViewController.swift in Sources */ = {isa = PBXBuildFile; fileRef = B4F869AF2A3989E9003749B8 /* WXPersonInfoViewController.swift */; };
		B4F869B22A39B98A003749B8 /* WXUserInfo.swift in Sources */ = {isa = PBXBuildFile; fileRef = B4F869B12A39B98A003749B8 /* WXUserInfo.swift */; };
		B4F869B42A3C5585003749B8 /* WechatSearchBarView.swift in Sources */ = {isa = PBXBuildFile; fileRef = B4F869B32A3C5585003749B8 /* WechatSearchBarView.swift */; };
		B4F869B72A3F4801003749B8 /* WXDataSource.swift in Sources */ = {isa = PBXBuildFile; fileRef = B4F869B62A3F4801003749B8 /* WXDataSource.swift */; };
		B4F869BA2A404F39003749B8 /* WXContact.swift in Sources */ = {isa = PBXBuildFile; fileRef = B4F869B92A404F39003749B8 /* WXContact.swift */; };
		B4F869BC2A405475003749B8 /* WXContactCell.swift in Sources */ = {isa = PBXBuildFile; fileRef = B4F869BB2A405475003749B8 /* WXContactCell.swift */; };
		B4F869C72A4214FE003749B8 /* WXContactTableHaderFooterView.swift in Sources */ = {isa = PBXBuildFile; fileRef = B4F869C62A4214FE003749B8 /* WXContactTableHaderFooterView.swift */; };
		B4F869C92A4365BD003749B8 /* WXAddRuleViewController.swift in Sources */ = {isa = PBXBuildFile; fileRef = B4F869C82A4365BD003749B8 /* WXAddRuleViewController.swift */; };
		B4F869CD2A52E0E1003749B8 /* WXBubbleView.swift in Sources */ = {isa = PBXBuildFile; fileRef = B4F869CC2A52E0E1003749B8 /* WXBubbleView.swift */; };
		B4F869CF2A53D0B6003749B8 /* WXAddSingleChatViewController.swift in Sources */ = {isa = PBXBuildFile; fileRef = B4F869CE2A53D0B6003749B8 /* WXAddSingleChatViewController.swift */; };
		B4F869D32A540D9A003749B8 /* WXListModel.swift in Sources */ = {isa = PBXBuildFile; fileRef = B4F869D22A540D9A003749B8 /* WXListModel.swift */; };
		B4F869D52A541B83003749B8 /* WXListCell.swift in Sources */ = {isa = PBXBuildFile; fileRef = B4F869D42A541B83003749B8 /* WXListCell.swift */; };
		B4F869DA2A551687003749B8 /* AuthorityManager.swift in Sources */ = {isa = PBXBuildFile; fileRef = B4F869D92A551687003749B8 /* AuthorityManager.swift */; };
		B4F869DC2A553FEB003749B8 /* Constants.swift in Sources */ = {isa = PBXBuildFile; fileRef = B4F869DB2A553FEB003749B8 /* Constants.swift */; };
		B4F869DE2A554051003749B8 /* AuthorityManagerAlbumExtension.swift in Sources */ = {isa = PBXBuildFile; fileRef = B4F869DD2A554051003749B8 /* AuthorityManagerAlbumExtension.swift */; };
		B4F869E42A55B51E003749B8 /* AuthorityCameraExtension.swift in Sources */ = {isa = PBXBuildFile; fileRef = B4F869E32A55B51E003749B8 /* AuthorityCameraExtension.swift */; };
		B4FFBE262A36161C001F09AD /* AppDelegate.swift in Sources */ = {isa = PBXBuildFile; fileRef = B4FFBE252A36161C001F09AD /* AppDelegate.swift */; };
		B4FFBE282A36161C001F09AD /* SceneDelegate.swift in Sources */ = {isa = PBXBuildFile; fileRef = B4FFBE272A36161C001F09AD /* SceneDelegate.swift */; };
		B4FFBE2A2A36161C001F09AD /* HomeViewController.swift in Sources */ = {isa = PBXBuildFile; fileRef = B4FFBE292A36161C001F09AD /* HomeViewController.swift */; };
		B4FFBE2D2A36161C001F09AD /* Main.storyboard in Resources */ = {isa = PBXBuildFile; fileRef = B4FFBE2B2A36161C001F09AD /* Main.storyboard */; };
		B4FFBE2F2A36161D001F09AD /* Assets.xcassets in Resources */ = {isa = PBXBuildFile; fileRef = B4FFBE2E2A36161D001F09AD /* Assets.xcassets */; };
		B4FFBE322A36161D001F09AD /* LaunchScreen.storyboard in Resources */ = {isa = PBXBuildFile; fileRef = B4FFBE302A36161D001F09AD /* LaunchScreen.storyboard */; };
		B4FFBE3A2A3619C2001F09AD /* MineViewController.swift in Sources */ = {isa = PBXBuildFile; fileRef = B4FFBE392A3619C2001F09AD /* MineViewController.swift */; };
		B4FFBE3D2A362C18001F09AD /* XYChatInputBar.swift in Sources */ = {isa = PBXBuildFile; fileRef = B4FFBE3C2A362C18001F09AD /* XYChatInputBar.swift */; };
/* End PBXBuildFile section */

/* Begin PBXFileReference section */
		0E0BB7D9FF695167719B58D0 /* Pods_Cheater.framework */ = {isa = PBXFileReference; explicitFileType = wrapper.framework; includeInIndex = 0; path = Pods_Cheater.framework; sourceTree = BUILT_PRODUCTS_DIR; };
		26A6EDACAA988EFA8AA90764 /* Pods-Cheater.release.xcconfig */ = {isa = PBXFileReference; includeInIndex = 1; lastKnownFileType = text.xcconfig; name = "Pods-Cheater.release.xcconfig"; path = "Target Support Files/Pods-Cheater/Pods-Cheater.release.xcconfig"; sourceTree = "<group>"; };
		6E7EDBFBF8ACD50437237B58 /* Pods-Cheater.debug.xcconfig */ = {isa = PBXFileReference; includeInIndex = 1; lastKnownFileType = text.xcconfig; name = "Pods-Cheater.debug.xcconfig"; path = "Target Support Files/Pods-Cheater/Pods-Cheater.debug.xcconfig"; sourceTree = "<group>"; };
		B4498DF42A570E9A00B13CFA /* WXChooseStatusController.swift */ = {isa = PBXFileReference; lastKnownFileType = sourcecode.swift; path = WXChooseStatusController.swift; sourceTree = "<group>"; };
		B4498DF72A57C0FD00B13CFA /* WXListCellLeftSwiptHelper.swift */ = {isa = PBXFileReference; lastKnownFileType = sourcecode.swift; path = WXListCellLeftSwiptHelper.swift; sourceTree = "<group>"; };
		B4498DF92A58055000B13CFA /* AlertController.swift */ = {isa = PBXFileReference; lastKnownFileType = sourcecode.swift; path = AlertController.swift; sourceTree = "<group>"; };
		B4498DFB2A586EAE00B13CFA /* DatePickerController.swift */ = {isa = PBXFileReference; lastKnownFileType = sourcecode.swift; path = DatePickerController.swift; sourceTree = "<group>"; };
		B4498DFD2A5A571E00B13CFA /* WXDetailViewController.swift */ = {isa = PBXFileReference; lastKnownFileType = sourcecode.swift; path = WXDetailViewController.swift; sourceTree = "<group>"; };
		B4498E012A5AC48600B13CFA /* WXDetailCell.swift */ = {isa = PBXFileReference; lastKnownFileType = sourcecode.swift; path = WXDetailCell.swift; sourceTree = "<group>"; };
		B4498E032A5AC7BB00B13CFA /* WXDetailModel.swift */ = {isa = PBXFileReference; lastKnownFileType = sourcecode.swift; path = WXDetailModel.swift; sourceTree = "<group>"; };
		B4498E052A5AD22900B13CFA /* CellContentText.swift */ = {isa = PBXFileReference; lastKnownFileType = sourcecode.swift; path = CellContentText.swift; sourceTree = "<group>"; };
		B475F2B82A3698A9006C7351 /* Cheater-Bridging-Header.h */ = {isa = PBXFileReference; lastKnownFileType = sourcecode.c.h; path = "Cheater-Bridging-Header.h"; sourceTree = "<group>"; };
		B475F2B92A3698AA006C7351 /* XYHomeViewController.h */ = {isa = PBXFileReference; lastKnownFileType = sourcecode.c.h; path = XYHomeViewController.h; sourceTree = "<group>"; };
		B475F2BA2A3698AA006C7351 /* XYHomeViewController.m */ = {isa = PBXFileReference; lastKnownFileType = sourcecode.c.objc; path = XYHomeViewController.m; sourceTree = "<group>"; };
		B48055412A5F9D9A00712CEF /* SendAudioViewController.swift */ = {isa = PBXFileReference; lastKnownFileType = sourcecode.swift; path = SendAudioViewController.swift; sourceTree = "<group>"; };
		B48055442A5FC21700712CEF /* CellContentVoice.swift */ = {isa = PBXFileReference; lastKnownFileType = sourcecode.swift; path = CellContentVoice.swift; sourceTree = "<group>"; };
		B48055462A60F09100712CEF /* CellContentTime.swift */ = {isa = PBXFileReference; lastKnownFileType = sourcecode.swift; path = CellContentTime.swift; sourceTree = "<group>"; };
		B48055482A60FA2000712CEF /* TimeTool.swift */ = {isa = PBXFileReference; lastKnownFileType = sourcecode.swift; path = TimeTool.swift; sourceTree = "<group>"; };
		B480554C2A61450E00712CEF /* XYChatInputFunctionPad.swift */ = {isa = PBXFileReference; lastKnownFileType = sourcecode.swift; path = XYChatInputFunctionPad.swift; sourceTree = "<group>"; };
		B480554F2A61A66B00712CEF /* InputBarAddFunctionHelper.swift */ = {isa = PBXFileReference; lastKnownFileType = sourcecode.swift; path = InputBarAddFunctionHelper.swift; sourceTree = "<group>"; };
		B48055512A62615D00712CEF /* ChoosePhotoController.swift */ = {isa = PBXFileReference; lastKnownFileType = sourcecode.swift; path = ChoosePhotoController.swift; sourceTree = "<group>"; };
		B48055532A64293100712CEF /* CellContentPhoto.swift */ = {isa = PBXFileReference; lastKnownFileType = sourcecode.swift; path = CellContentPhoto.swift; sourceTree = "<group>"; };
		B48055552A644B9D00712CEF /* SendVideoController.swift */ = {isa = PBXFileReference; lastKnownFileType = sourcecode.swift; path = SendVideoController.swift; sourceTree = "<group>"; };
		B48055572A644CD300712CEF /* CellContentVideo.swift */ = {isa = PBXFileReference; fileEncoding = 4; lastKnownFileType = sourcecode.swift; path = CellContentVideo.swift; sourceTree = "<group>"; };
		B48055592A64540300712CEF /* Categories.swift */ = {isa = PBXFileReference; lastKnownFileType = sourcecode.swift; path = Categories.swift; sourceTree = "<group>"; };
		B480555B2A64940800712CEF /* CellContentVoip.swift */ = {isa = PBXFileReference; lastKnownFileType = sourcecode.swift; path = CellContentVoip.swift; sourceTree = "<group>"; };
		B480555D2A64BD7200712CEF /* SendVoipCpntroller.swift */ = {isa = PBXFileReference; lastKnownFileType = sourcecode.swift; path = SendVoipCpntroller.swift; sourceTree = "<group>"; };
		B480555F2A657AB500712CEF /* SendRedpacketViewController.swift */ = {isa = PBXFileReference; lastKnownFileType = sourcecode.swift; path = SendRedpacketViewController.swift; sourceTree = "<group>"; };
		B4AF223B2A65A27300405672 /* WeChatSansStd-Medium.ttf */ = {isa = PBXFileReference; lastKnownFileType = file; path = "WeChatSansStd-Medium.ttf"; sourceTree = "<group>"; };
		B4AF223D2A683F2900405672 /* CellContentRedPacket.swift */ = {isa = PBXFileReference; fileEncoding = 4; lastKnownFileType = sourcecode.swift; path = CellContentRedPacket.swift; sourceTree = "<group>"; };
		B4AF223F2A696A8200405672 /* CellContentMoneyTransfer.swift */ = {isa = PBXFileReference; fileEncoding = 4; lastKnownFileType = sourcecode.swift; path = CellContentMoneyTransfer.swift; sourceTree = "<group>"; };
		B4AF22412A6D7BC500405672 /* SendMoneyTransferViewController.swift */ = {isa = PBXFileReference; fileEncoding = 4; lastKnownFileType = sourcecode.swift; path = SendMoneyTransferViewController.swift; sourceTree = "<group>"; };
		B4AF22432A6D7F7E00405672 /* MoneyTransferHeader.swift */ = {isa = PBXFileReference; lastKnownFileType = sourcecode.swift; path = MoneyTransferHeader.swift; sourceTree = "<group>"; };
		B4AF22462A6D895200405672 /* MoneyTransferInputView.swift */ = {isa = PBXFileReference; lastKnownFileType = sourcecode.swift; path = MoneyTransferInputView.swift; sourceTree = "<group>"; };
		B4AF22482A6D896B00405672 /* MoneyTransferContentView.swift */ = {isa = PBXFileReference; lastKnownFileType = sourcecode.swift; path = MoneyTransferContentView.swift; sourceTree = "<group>"; };
		B4AF224A2A6E784700405672 /* MoneyTransferTipView.swift */ = {isa = PBXFileReference; fileEncoding = 4; lastKnownFileType = sourcecode.swift; path = MoneyTransferTipView.swift; sourceTree = "<group>"; };
		B4AF224C2A7013FB00405672 /* WXPayHUD.swift */ = {isa = PBXFileReference; lastKnownFileType = sourcecode.swift; path = WXPayHUD.swift; sourceTree = "<group>"; };
		B4AF224E2A702C2700405672 /* WXPayInputPwdView.swift */ = {isa = PBXFileReference; lastKnownFileType = sourcecode.swift; path = WXPayInputPwdView.swift; sourceTree = "<group>"; };
		B4AF22522A823A9900405672 /* CellContentSysgtemMsg.swift */ = {isa = PBXFileReference; fileEncoding = 4; lastKnownFileType = sourcecode.swift; path = CellContentSysgtemMsg.swift; sourceTree = "<group>"; };
		B4AF22542A8256A200405672 /* SendSystemMsgController.swift */ = {isa = PBXFileReference; lastKnownFileType = sourcecode.swift; path = SendSystemMsgController.swift; sourceTree = "<group>"; };
		B4AF22562A83427300405672 /* BaseSendMsgController.swift */ = {isa = PBXFileReference; fileEncoding = 4; lastKnownFileType = sourcecode.swift; path = BaseSendMsgController.swift; sourceTree = "<group>"; };
		B4AF22582A834DA700405672 /* SendTimeController.swift */ = {isa = PBXFileReference; fileEncoding = 4; lastKnownFileType = sourcecode.swift; name = SendTimeController.swift; path = Cheater/Project/Wechat/SendTimeController.swift; sourceTree = SOURCE_ROOT; };
		B4AF225A2A8353AC00405672 /* SendLinkController.swift */ = {isa = PBXFileReference; lastKnownFileType = sourcecode.swift; path = SendLinkController.swift; sourceTree = "<group>"; };
		B4AF225C2A83763300405672 /* CellContentLink.swift */ = {isa = PBXFileReference; lastKnownFileType = sourcecode.swift; path = CellContentLink.swift; sourceTree = "<group>"; };
		B4AF225E2A83CB9B00405672 /* CellContentFile.swift */ = {isa = PBXFileReference; fileEncoding = 4; lastKnownFileType = sourcecode.swift; path = CellContentFile.swift; sourceTree = "<group>"; };
		B4AF22602A83CBFE00405672 /* SendFileController.swift */ = {isa = PBXFileReference; fileEncoding = 4; lastKnownFileType = sourcecode.swift; path = SendFileController.swift; sourceTree = "<group>"; };
		B4AF22622A83ED3B00405672 /* CellContentIDCard.swift */ = {isa = PBXFileReference; fileEncoding = 4; lastKnownFileType = sourcecode.swift; path = CellContentIDCard.swift; sourceTree = "<group>"; };
		B4AF22642A83EDD100405672 /* SendIDCardController.swift */ = {isa = PBXFileReference; fileEncoding = 4; lastKnownFileType = sourcecode.swift; path = SendIDCardController.swift; sourceTree = "<group>"; };
		B4AF22662A83FCF300405672 /* SendLocationController.swift */ = {isa = PBXFileReference; lastKnownFileType = sourcecode.swift; path = SendLocationController.swift; sourceTree = "<group>"; };
		B4F869A32A38A011003749B8 /* WechatHomeViewController.swift */ = {isa = PBXFileReference; lastKnownFileType = sourcecode.swift; path = WechatHomeViewController.swift; sourceTree = "<group>"; };
		B4F869A62A38A346003749B8 /* WXConfig.swift */ = {isa = PBXFileReference; lastKnownFileType = sourcecode.swift; path = WXConfig.swift; sourceTree = "<group>"; };
		B4F869A92A38A74A003749B8 /* WechatTabbar.swift */ = {isa = PBXFileReference; lastKnownFileType = sourcecode.swift; path = WechatTabbar.swift; sourceTree = "<group>"; };
		B4F869AB2A38C41D003749B8 /* WXResources.xcassets */ = {isa = PBXFileReference; lastKnownFileType = folder.assetcatalog; path = WXResources.xcassets; sourceTree = "<group>"; };
		B4F869AD2A396BD8003749B8 /* MineInfoView.swift */ = {isa = PBXFileReference; lastKnownFileType = sourcecode.swift; path = MineInfoView.swift; sourceTree = "<group>"; };
		B4F869AF2A3989E9003749B8 /* WXPersonInfoViewController.swift */ = {isa = PBXFileReference; lastKnownFileType = sourcecode.swift; path = WXPersonInfoViewController.swift; sourceTree = "<group>"; };
		B4F869B12A39B98A003749B8 /* WXUserInfo.swift */ = {isa = PBXFileReference; lastKnownFileType = sourcecode.swift; path = WXUserInfo.swift; sourceTree = "<group>"; };
		B4F869B32A3C5585003749B8 /* WechatSearchBarView.swift */ = {isa = PBXFileReference; lastKnownFileType = sourcecode.swift; path = WechatSearchBarView.swift; sourceTree = "<group>"; };
		B4F869B62A3F4801003749B8 /* WXDataSource.swift */ = {isa = PBXFileReference; lastKnownFileType = sourcecode.swift; path = WXDataSource.swift; sourceTree = "<group>"; };
		B4F869B92A404F39003749B8 /* WXContact.swift */ = {isa = PBXFileReference; lastKnownFileType = sourcecode.swift; path = WXContact.swift; sourceTree = "<group>"; };
		B4F869BB2A405475003749B8 /* WXContactCell.swift */ = {isa = PBXFileReference; lastKnownFileType = sourcecode.swift; path = WXContactCell.swift; sourceTree = "<group>"; };
		B4F869C62A4214FE003749B8 /* WXContactTableHaderFooterView.swift */ = {isa = PBXFileReference; lastKnownFileType = sourcecode.swift; path = WXContactTableHaderFooterView.swift; sourceTree = "<group>"; };
		B4F869C82A4365BD003749B8 /* WXAddRuleViewController.swift */ = {isa = PBXFileReference; lastKnownFileType = sourcecode.swift; path = WXAddRuleViewController.swift; sourceTree = "<group>"; };
		B4F869CC2A52E0E1003749B8 /* WXBubbleView.swift */ = {isa = PBXFileReference; lastKnownFileType = sourcecode.swift; path = WXBubbleView.swift; sourceTree = "<group>"; };
		B4F869CE2A53D0B6003749B8 /* WXAddSingleChatViewController.swift */ = {isa = PBXFileReference; lastKnownFileType = sourcecode.swift; path = WXAddSingleChatViewController.swift; sourceTree = "<group>"; };
		B4F869D22A540D9A003749B8 /* WXListModel.swift */ = {isa = PBXFileReference; lastKnownFileType = sourcecode.swift; path = WXListModel.swift; sourceTree = "<group>"; };
		B4F869D42A541B83003749B8 /* WXListCell.swift */ = {isa = PBXFileReference; lastKnownFileType = sourcecode.swift; path = WXListCell.swift; sourceTree = "<group>"; };
		B4F869D92A551687003749B8 /* AuthorityManager.swift */ = {isa = PBXFileReference; lastKnownFileType = sourcecode.swift; path = AuthorityManager.swift; sourceTree = "<group>"; };
		B4F869DB2A553FEB003749B8 /* Constants.swift */ = {isa = PBXFileReference; lastKnownFileType = sourcecode.swift; path = Constants.swift; sourceTree = "<group>"; };
		B4F869DD2A554051003749B8 /* AuthorityManagerAlbumExtension.swift */ = {isa = PBXFileReference; lastKnownFileType = sourcecode.swift; path = AuthorityManagerAlbumExtension.swift; sourceTree = "<group>"; };
		B4F869E32A55B51E003749B8 /* AuthorityCameraExtension.swift */ = {isa = PBXFileReference; lastKnownFileType = sourcecode.swift; path = AuthorityCameraExtension.swift; sourceTree = "<group>"; };
		B4FFBE222A36161C001F09AD /* Cheater.app */ = {isa = PBXFileReference; explicitFileType = wrapper.application; includeInIndex = 0; path = Cheater.app; sourceTree = BUILT_PRODUCTS_DIR; };
		B4FFBE252A36161C001F09AD /* AppDelegate.swift */ = {isa = PBXFileReference; lastKnownFileType = sourcecode.swift; path = AppDelegate.swift; sourceTree = "<group>"; };
		B4FFBE272A36161C001F09AD /* SceneDelegate.swift */ = {isa = PBXFileReference; lastKnownFileType = sourcecode.swift; path = SceneDelegate.swift; sourceTree = "<group>"; };
		B4FFBE292A36161C001F09AD /* HomeViewController.swift */ = {isa = PBXFileReference; lastKnownFileType = sourcecode.swift; path = HomeViewController.swift; sourceTree = "<group>"; };
		B4FFBE2C2A36161C001F09AD /* Base */ = {isa = PBXFileReference; lastKnownFileType = file.storyboard; name = Base; path = Base.lproj/Main.storyboard; sourceTree = "<group>"; };
		B4FFBE2E2A36161D001F09AD /* Assets.xcassets */ = {isa = PBXFileReference; lastKnownFileType = folder.assetcatalog; path = Assets.xcassets; sourceTree = "<group>"; };
		B4FFBE312A36161D001F09AD /* Base */ = {isa = PBXFileReference; lastKnownFileType = file.storyboard; name = Base; path = Base.lproj/LaunchScreen.storyboard; sourceTree = "<group>"; };
		B4FFBE332A36161D001F09AD /* Info.plist */ = {isa = PBXFileReference; lastKnownFileType = text.plist.xml; path = Info.plist; sourceTree = "<group>"; };
		B4FFBE392A3619C2001F09AD /* MineViewController.swift */ = {isa = PBXFileReference; lastKnownFileType = sourcecode.swift; path = MineViewController.swift; sourceTree = "<group>"; };
		B4FFBE3C2A362C18001F09AD /* XYChatInputBar.swift */ = {isa = PBXFileReference; lastKnownFileType = sourcecode.swift; path = XYChatInputBar.swift; sourceTree = "<group>"; };
/* End PBXFileReference section */

/* Begin PBXFrameworksBuildPhase section */
		B4FFBE1F2A36161C001F09AD /* Frameworks */ = {
			isa = PBXFrameworksBuildPhase;
			buildActionMask = 2147483647;
			files = (
				7DA33F46A5B4A4C28F7E5C69 /* Pods_Cheater.framework in Frameworks */,
			);
			runOnlyForDeploymentPostprocessing = 0;
		};
/* End PBXFrameworksBuildPhase section */

/* Begin PBXGroup section */
		386228FE40E928E7AC8CF48A /* Pods */ = {
			isa = PBXGroup;
			children = (
				6E7EDBFBF8ACD50437237B58 /* Pods-Cheater.debug.xcconfig */,
				26A6EDACAA988EFA8AA90764 /* Pods-Cheater.release.xcconfig */,
			);
			path = Pods;
			sourceTree = "<group>";
		};
		3E1D68BD4F13F4CFA08ACCBB /* Frameworks */ = {
			isa = PBXGroup;
			children = (
				0E0BB7D9FF695167719B58D0 /* Pods_Cheater.framework */,
			);
			name = Frameworks;
			sourceTree = "<group>";
		};
		B4498DF62A57C0AD00B13CFA /* AuthorityManager */ = {
			isa = PBXGroup;
			children = (
				B4F869D92A551687003749B8 /* AuthorityManager.swift */,
				B4F869DB2A553FEB003749B8 /* Constants.swift */,
				B4F869DD2A554051003749B8 /* AuthorityManagerAlbumExtension.swift */,
				B4F869E32A55B51E003749B8 /* AuthorityCameraExtension.swift */,
			);
			path = AuthorityManager;
			sourceTree = "<group>";
		};
		B48055432A5FC1E800712CEF /* ContentViews */ = {
			isa = PBXGroup;
			children = (
				B4AF22622A83ED3B00405672 /* CellContentIDCard.swift */,
				B4AF22522A823A9900405672 /* CellContentSysgtemMsg.swift */,
				B4498E052A5AD22900B13CFA /* CellContentText.swift */,
				B48055442A5FC21700712CEF /* CellContentVoice.swift */,
				B48055462A60F09100712CEF /* CellContentTime.swift */,
				B48055532A64293100712CEF /* CellContentPhoto.swift */,
				B48055572A644CD300712CEF /* CellContentVideo.swift */,
				B480555B2A64940800712CEF /* CellContentVoip.swift */,
				B4AF223D2A683F2900405672 /* CellContentRedPacket.swift */,
				B4AF225C2A83763300405672 /* CellContentLink.swift */,
				B4AF225E2A83CB9B00405672 /* CellContentFile.swift */,
				B4AF223F2A696A8200405672 /* CellContentMoneyTransfer.swift */,
			);
			path = ContentViews;
			sourceTree = "<group>";
		};
		B4AF22452A6D891C00405672 /* MoneyTransfer */ = {
			isa = PBXGroup;
			children = (
				B4AF224C2A7013FB00405672 /* WXPayHUD.swift */,
				B4AF224E2A702C2700405672 /* WXPayInputPwdView.swift */,
				B4AF22432A6D7F7E00405672 /* MoneyTransferHeader.swift */,
				B4AF22462A6D895200405672 /* MoneyTransferInputView.swift */,
				B4AF22482A6D896B00405672 /* MoneyTransferContentView.swift */,
				B4AF224A2A6E784700405672 /* MoneyTransferTipView.swift */,
			);
			path = MoneyTransfer;
			sourceTree = "<group>";
		};
		B4F8699E2A387C41003749B8 /* Project */ = {
			isa = PBXGroup;
			children = (
				B4F869D82A55166D003749B8 /* Tools */,
				B4F869A22A387D38003749B8 /* FirstPages */,
				B4F869A12A387C8D003749B8 /* Features */,
				B4F869A02A387C84003749B8 /* Alipay */,
				B4F8699F2A387C77003749B8 /* Wechat */,
				B4FFBE3B2A362BE4001F09AD /* ChatInputBar */,
			);
			path = Project;
			sourceTree = "<group>";
		};
		B4F8699F2A387C77003749B8 /* Wechat */ = {
			isa = PBXGroup;
			children = (
				B4F869B82A404F2F003749B8 /* Model */,
				B4F869B52A3F46BE003749B8 /* DataSource */,
				B4F869A82A38A71C003749B8 /* Views */,
				B4F869A52A38A321003749B8 /* Config */,
				B4F869A32A38A011003749B8 /* WechatHomeViewController.swift */,
				B4AF22582A834DA700405672 /* SendTimeController.swift */,
				B4AF22662A83FCF300405672 /* SendLocationController.swift */,
				B4AF225A2A8353AC00405672 /* SendLinkController.swift */,
				B4AF22602A83CBFE00405672 /* SendFileController.swift */,
				B4AF22642A83EDD100405672 /* SendIDCardController.swift */,
				B4AF22542A8256A200405672 /* SendSystemMsgController.swift */,
				B4AF22562A83427300405672 /* BaseSendMsgController.swift */,
				B4498DFD2A5A571E00B13CFA /* WXDetailViewController.swift */,
				B48055412A5F9D9A00712CEF /* SendAudioViewController.swift */,
				B48055552A644B9D00712CEF /* SendVideoController.swift */,
				B480555D2A64BD7200712CEF /* SendVoipCpntroller.swift */,
				B480555F2A657AB500712CEF /* SendRedpacketViewController.swift */,
				B4AF22412A6D7BC500405672 /* SendMoneyTransferViewController.swift */,
				B4F869C82A4365BD003749B8 /* WXAddRuleViewController.swift */,
				B4F869CE2A53D0B6003749B8 /* WXAddSingleChatViewController.swift */,
				B4F869AF2A3989E9003749B8 /* WXPersonInfoViewController.swift */,
				B4498DF42A570E9A00B13CFA /* WXChooseStatusController.swift */,
			);
			path = Wechat;
			sourceTree = "<group>";
		};
		B4F869A02A387C84003749B8 /* Alipay */ = {
			isa = PBXGroup;
			children = (
			);
			path = Alipay;
			sourceTree = "<group>";
		};
		B4F869A12A387C8D003749B8 /* Features */ = {
			isa = PBXGroup;
			children = (
			);
			path = Features;
			sourceTree = "<group>";
		};
		B4F869A22A387D38003749B8 /* FirstPages */ = {
			isa = PBXGroup;
			children = (
				B4FFBE292A36161C001F09AD /* HomeViewController.swift */,
				B4FFBE392A3619C2001F09AD /* MineViewController.swift */,
			);
			path = FirstPages;
			sourceTree = "<group>";
		};
		B4F869A52A38A321003749B8 /* Config */ = {
			isa = PBXGroup;
			children = (
				B4F869A62A38A346003749B8 /* WXConfig.swift */,
				B4F869B12A39B98A003749B8 /* WXUserInfo.swift */,
			);
			path = Config;
			sourceTree = "<group>";
		};
		B4F869A82A38A71C003749B8 /* Views */ = {
			isa = PBXGroup;
			children = (
				B48055432A5FC1E800712CEF /* ContentViews */,
				B4AF22452A6D891C00405672 /* MoneyTransfer */,
				B4F869A92A38A74A003749B8 /* WechatTabbar.swift */,
				B4F869AD2A396BD8003749B8 /* MineInfoView.swift */,
				B4F869B32A3C5585003749B8 /* WechatSearchBarView.swift */,
				B4F869BB2A405475003749B8 /* WXContactCell.swift */,
				B4F869C62A4214FE003749B8 /* WXContactTableHaderFooterView.swift */,
				B4F869CC2A52E0E1003749B8 /* WXBubbleView.swift */,
				B4F869D42A541B83003749B8 /* WXListCell.swift */,
				B4498E012A5AC48600B13CFA /* WXDetailCell.swift */,
			);
			path = Views;
			sourceTree = "<group>";
		};
		B4F869B52A3F46BE003749B8 /* DataSource */ = {
			isa = PBXGroup;
			children = (
				B4F869B62A3F4801003749B8 /* WXDataSource.swift */,
			);
			path = DataSource;
			sourceTree = "<group>";
		};
		B4F869B82A404F2F003749B8 /* Model */ = {
			isa = PBXGroup;
			children = (
				B4F869B92A404F39003749B8 /* WXContact.swift */,
				B4F869D22A540D9A003749B8 /* WXListModel.swift */,
				B4498E032A5AC7BB00B13CFA /* WXDetailModel.swift */,
				B48055592A64540300712CEF /* Categories.swift */,
			);
			path = Model;
			sourceTree = "<group>";
		};
		B4F869D82A55166D003749B8 /* Tools */ = {
			isa = PBXGroup;
			children = (
				B4498DF62A57C0AD00B13CFA /* AuthorityManager */,
				B4498DF72A57C0FD00B13CFA /* WXListCellLeftSwiptHelper.swift */,
				B4498DF92A58055000B13CFA /* AlertController.swift */,
				B4498DFB2A586EAE00B13CFA /* DatePickerController.swift */,
				B48055482A60FA2000712CEF /* TimeTool.swift */,
				B480554F2A61A66B00712CEF /* InputBarAddFunctionHelper.swift */,
				B48055512A62615D00712CEF /* ChoosePhotoController.swift */,
			);
			path = Tools;
			sourceTree = "<group>";
		};
		B4FFBE192A36161C001F09AD = {
			isa = PBXGroup;
			children = (
				B4FFBE242A36161C001F09AD /* Cheater */,
				B4FFBE232A36161C001F09AD /* Products */,
				386228FE40E928E7AC8CF48A /* Pods */,
				3E1D68BD4F13F4CFA08ACCBB /* Frameworks */,
			);
			sourceTree = "<group>";
		};
		B4FFBE232A36161C001F09AD /* Products */ = {
			isa = PBXGroup;
			children = (
				B4FFBE222A36161C001F09AD /* Cheater.app */,
			);
			name = Products;
			sourceTree = "<group>";
		};
		B4FFBE242A36161C001F09AD /* Cheater */ = {
			isa = PBXGroup;
			children = (
				B4F8699E2A387C41003749B8 /* Project */,
				B4FFBE252A36161C001F09AD /* AppDelegate.swift */,
				B4FFBE272A36161C001F09AD /* SceneDelegate.swift */,
				B4FFBE2B2A36161C001F09AD /* Main.storyboard */,
				B4FFBE2E2A36161D001F09AD /* Assets.xcassets */,
				B4F869AB2A38C41D003749B8 /* WXResources.xcassets */,
				B4FFBE302A36161D001F09AD /* LaunchScreen.storyboard */,
				B4AF223B2A65A27300405672 /* WeChatSansStd-Medium.ttf */,
				B4FFBE332A36161D001F09AD /* Info.plist */,
				B475F2B92A3698AA006C7351 /* XYHomeViewController.h */,
				B475F2BA2A3698AA006C7351 /* XYHomeViewController.m */,
				B475F2B82A3698A9006C7351 /* Cheater-Bridging-Header.h */,
			);
			path = Cheater;
			sourceTree = "<group>";
		};
		B4FFBE3B2A362BE4001F09AD /* ChatInputBar */ = {
			isa = PBXGroup;
			children = (
				B4FFBE3C2A362C18001F09AD /* XYChatInputBar.swift */,
				B480554C2A61450E00712CEF /* XYChatInputFunctionPad.swift */,
			);
			path = ChatInputBar;
			sourceTree = "<group>";
		};
/* End PBXGroup section */

/* Begin PBXNativeTarget section */
		B4FFBE212A36161C001F09AD /* Cheater */ = {
			isa = PBXNativeTarget;
			buildConfigurationList = B4FFBE362A36161D001F09AD /* Build configuration list for PBXNativeTarget "Cheater" */;
			buildPhases = (
				FC7181F42626EE04FA09822C /* [CP] Check Pods Manifest.lock */,
				B4FFBE1E2A36161C001F09AD /* Sources */,
				B4FFBE1F2A36161C001F09AD /* Frameworks */,
				B4FFBE202A36161C001F09AD /* Resources */,
				0541206179092C71529C605B /* [CP] Embed Pods Frameworks */,
			);
			buildRules = (
			);
			dependencies = (
			);
			name = Cheater;
			productName = Cheater;
			productReference = B4FFBE222A36161C001F09AD /* Cheater.app */;
			productType = "com.apple.product-type.application";
		};
/* End PBXNativeTarget section */

/* Begin PBXProject section */
		B4FFBE1A2A36161C001F09AD /* Project object */ = {
			isa = PBXProject;
			attributes = {
				BuildIndependentTargetsInParallel = 1;
				CLASSPREFIX = XY;
				LastSwiftUpdateCheck = 1420;
				LastUpgradeCheck = 1420;
				ORGANIZATIONNAME = xiaoyou;
				TargetAttributes = {
					B4FFBE212A36161C001F09AD = {
						CreatedOnToolsVersion = 14.2;
						LastSwiftMigration = 1420;
					};
				};
			};
			buildConfigurationList = B4FFBE1D2A36161C001F09AD /* Build configuration list for PBXProject "Cheater" */;
			compatibilityVersion = "Xcode 13.0";
			developmentRegion = en;
			hasScannedForEncodings = 0;
			knownRegions = (
				en,
				Base,
			);
			mainGroup = B4FFBE192A36161C001F09AD;
			productRefGroup = B4FFBE232A36161C001F09AD /* Products */;
			projectDirPath = "";
			projectRoot = "";
			targets = (
				B4FFBE212A36161C001F09AD /* Cheater */,
			);
		};
/* End PBXProject section */

/* Begin PBXResourcesBuildPhase section */
		B4FFBE202A36161C001F09AD /* Resources */ = {
			isa = PBXResourcesBuildPhase;
			buildActionMask = 2147483647;
			files = (
				B4AF223C2A65A27300405672 /* WeChatSansStd-Medium.ttf in Resources */,
				B4FFBE322A36161D001F09AD /* LaunchScreen.storyboard in Resources */,
				B4F869AC2A38C41D003749B8 /* WXResources.xcassets in Resources */,
				B4FFBE2F2A36161D001F09AD /* Assets.xcassets in Resources */,
				B4FFBE2D2A36161C001F09AD /* Main.storyboard in Resources */,
			);
			runOnlyForDeploymentPostprocessing = 0;
		};
/* End PBXResourcesBuildPhase section */

/* Begin PBXShellScriptBuildPhase section */
		0541206179092C71529C605B /* [CP] Embed Pods Frameworks */ = {
			isa = PBXShellScriptBuildPhase;
			buildActionMask = 2147483647;
			files = (
			);
			inputFileListPaths = (
				"${PODS_ROOT}/Target Support Files/Pods-Cheater/Pods-Cheater-frameworks-${CONFIGURATION}-input-files.xcfilelist",
			);
			name = "[CP] Embed Pods Frameworks";
			outputFileListPaths = (
				"${PODS_ROOT}/Target Support Files/Pods-Cheater/Pods-Cheater-frameworks-${CONFIGURATION}-output-files.xcfilelist",
			);
			runOnlyForDeploymentPostprocessing = 0;
			shellPath = /bin/sh;
			shellScript = "\"${PODS_ROOT}/Target Support Files/Pods-Cheater/Pods-Cheater-frameworks.sh\"\n";
			showEnvVarsInLog = 0;
		};
		FC7181F42626EE04FA09822C /* [CP] Check Pods Manifest.lock */ = {
			isa = PBXShellScriptBuildPhase;
			buildActionMask = 2147483647;
			files = (
			);
			inputFileListPaths = (
			);
			inputPaths = (
				"${PODS_PODFILE_DIR_PATH}/Podfile.lock",
				"${PODS_ROOT}/Manifest.lock",
			);
			name = "[CP] Check Pods Manifest.lock";
			outputFileListPaths = (
			);
			outputPaths = (
				"$(DERIVED_FILE_DIR)/Pods-Cheater-checkManifestLockResult.txt",
			);
			runOnlyForDeploymentPostprocessing = 0;
			shellPath = /bin/sh;
			shellScript = "diff \"${PODS_PODFILE_DIR_PATH}/Podfile.lock\" \"${PODS_ROOT}/Manifest.lock\" > /dev/null\nif [ $? != 0 ] ; then\n    # print error to STDERR\n    echo \"error: The sandbox is not in sync with the Podfile.lock. Run 'pod install' or update your CocoaPods installation.\" >&2\n    exit 1\nfi\n# This output is used by Xcode 'outputs' to avoid re-running this script phase.\necho \"SUCCESS\" > \"${SCRIPT_OUTPUT_FILE_0}\"\n";
			showEnvVarsInLog = 0;
		};
/* End PBXShellScriptBuildPhase section */

/* Begin PBXSourcesBuildPhase section */
		B4FFBE1E2A36161C001F09AD /* Sources */ = {
			isa = PBXSourcesBuildPhase;
			buildActionMask = 2147483647;
			files = (
				B4F869B42A3C5585003749B8 /* WechatSearchBarView.swift in Sources */,
				B4F869C72A4214FE003749B8 /* WXContactTableHaderFooterView.swift in Sources */,
				B48055492A60FA2000712CEF /* TimeTool.swift in Sources */,
				B4F869E42A55B51E003749B8 /* AuthorityCameraExtension.swift in Sources */,
				B4AF22612A83CBFE00405672 /* SendFileController.swift in Sources */,
				B480555E2A64BD7200712CEF /* SendVoipCpntroller.swift in Sources */,
				B4498DFC2A586EAE00B13CFA /* DatePickerController.swift in Sources */,
				B4498DF82A57C0FD00B13CFA /* WXListCellLeftSwiptHelper.swift in Sources */,
				B48055502A61A66B00712CEF /* InputBarAddFunctionHelper.swift in Sources */,
				B4F869B72A3F4801003749B8 /* WXDataSource.swift in Sources */,
				B48055562A644B9D00712CEF /* SendVideoController.swift in Sources */,
				B4498E062A5AD22900B13CFA /* CellContentText.swift in Sources */,
				B4AF225F2A83CB9B00405672 /* CellContentFile.swift in Sources */,
				B475F2BB2A3698AA006C7351 /* XYHomeViewController.m in Sources */,
				B4AF22672A83FCF300405672 /* SendLocationController.swift in Sources */,
				B4AF22422A6D7BC500405672 /* SendMoneyTransferViewController.swift in Sources */,
				B4FFBE3D2A362C18001F09AD /* XYChatInputBar.swift in Sources */,
				B4F869A42A38A011003749B8 /* WechatHomeViewController.swift in Sources */,
				B4F869AA2A38A74A003749B8 /* WechatTabbar.swift in Sources */,
				B4AF22572A83427300405672 /* BaseSendMsgController.swift in Sources */,
				B4AF224B2A6E784700405672 /* MoneyTransferTipView.swift in Sources */,
				B4498DF52A570E9A00B13CFA /* WXChooseStatusController.swift in Sources */,
				B4F869CF2A53D0B6003749B8 /* WXAddSingleChatViewController.swift in Sources */,
				B4AF224D2A7013FB00405672 /* WXPayHUD.swift in Sources */,
				B4FFBE2A2A36161C001F09AD /* HomeViewController.swift in Sources */,
				B480555C2A64940800712CEF /* CellContentVoip.swift in Sources */,
				B480554D2A61450E00712CEF /* XYChatInputFunctionPad.swift in Sources */,
				B48055422A5F9D9A00712CEF /* SendAudioViewController.swift in Sources */,
				B4AF22442A6D7F7E00405672 /* MoneyTransferHeader.swift in Sources */,
				B4498E042A5AC7BB00B13CFA /* WXDetailModel.swift in Sources */,
				B4AF225B2A8353AC00405672 /* SendLinkController.swift in Sources */,
				B4498DFA2A58055000B13CFA /* AlertController.swift in Sources */,
				B4F869AE2A396BD8003749B8 /* MineInfoView.swift in Sources */,
				B4AF22402A696A8200405672 /* CellContentMoneyTransfer.swift in Sources */,
				B48055602A657AB500712CEF /* SendRedpacketViewController.swift in Sources */,
				B48055452A5FC21700712CEF /* CellContentVoice.swift in Sources */,
				B4AF22652A83EDD100405672 /* SendIDCardController.swift in Sources */,
				B4498E022A5AC48600B13CFA /* WXDetailCell.swift in Sources */,
				B48055522A62615D00712CEF /* ChoosePhotoController.swift in Sources */,
				B4F869D52A541B83003749B8 /* WXListCell.swift in Sources */,
				B4FFBE3A2A3619C2001F09AD /* MineViewController.swift in Sources */,
				B4F869BC2A405475003749B8 /* WXContactCell.swift in Sources */,
				B4AF224F2A702C2700405672 /* WXPayInputPwdView.swift in Sources */,
				B4F869C92A4365BD003749B8 /* WXAddRuleViewController.swift in Sources */,
				B4AF22632A83ED3B00405672 /* CellContentIDCard.swift in Sources */,
				B4F869B02A3989E9003749B8 /* WXPersonInfoViewController.swift in Sources */,
				B4AF22492A6D896B00405672 /* MoneyTransferContentView.swift in Sources */,
				B4F869D32A540D9A003749B8 /* WXListModel.swift in Sources */,
				B4AF223E2A683F2900405672 /* CellContentRedPacket.swift in Sources */,
				B4AF22592A834DA700405672 /* SendTimeController.swift in Sources */,
				B48055582A644CD300712CEF /* CellContentVideo.swift in Sources */,
				B480555A2A64540300712CEF /* Categories.swift in Sources */,
				B4F869BA2A404F39003749B8 /* WXContact.swift in Sources */,
				B4FFBE262A36161C001F09AD /* AppDelegate.swift in Sources */,
				B4F869B22A39B98A003749B8 /* WXUserInfo.swift in Sources */,
				B4AF225D2A83763300405672 /* CellContentLink.swift in Sources */,
				B4F869A72A38A346003749B8 /* WXConfig.swift in Sources */,
				B48055472A60F09100712CEF /* CellContentTime.swift in Sources */,
				B4AF22472A6D895200405672 /* MoneyTransferInputView.swift in Sources */,
				B4FFBE282A36161C001F09AD /* SceneDelegate.swift in Sources */,
				B4F869CD2A52E0E1003749B8 /* WXBubbleView.swift in Sources */,
				B4F869DE2A554051003749B8 /* AuthorityManagerAlbumExtension.swift in Sources */,
				B4F869DA2A551687003749B8 /* AuthorityManager.swift in Sources */,
				B4F869DC2A553FEB003749B8 /* Constants.swift in Sources */,
				B48055542A64293100712CEF /* CellContentPhoto.swift in Sources */,
				B4AF22552A8256A200405672 /* SendSystemMsgController.swift in Sources */,
				B4AF22532A823A9900405672 /* CellContentSysgtemMsg.swift in Sources */,
				B4498DFE2A5A571E00B13CFA /* WXDetailViewController.swift in Sources */,
			);
			runOnlyForDeploymentPostprocessing = 0;
		};
/* End PBXSourcesBuildPhase section */

/* Begin PBXVariantGroup section */
		B4FFBE2B2A36161C001F09AD /* Main.storyboard */ = {
			isa = PBXVariantGroup;
			children = (
				B4FFBE2C2A36161C001F09AD /* Base */,
			);
			name = Main.storyboard;
			sourceTree = "<group>";
		};
		B4FFBE302A36161D001F09AD /* LaunchScreen.storyboard */ = {
			isa = PBXVariantGroup;
			children = (
				B4FFBE312A36161D001F09AD /* Base */,
			);
			name = LaunchScreen.storyboard;
			sourceTree = "<group>";
		};
/* End PBXVariantGroup section */

/* Begin XCBuildConfiguration section */
		B4FFBE342A36161D001F09AD /* Debug */ = {
			isa = XCBuildConfiguration;
			buildSettings = {
				ALWAYS_SEARCH_USER_PATHS = NO;
				CLANG_ANALYZER_NONNULL = YES;
				CLANG_ANALYZER_NUMBER_OBJECT_CONVERSION = YES_AGGRESSIVE;
				CLANG_CXX_LANGUAGE_STANDARD = "gnu++20";
				CLANG_ENABLE_MODULES = YES;
				CLANG_ENABLE_OBJC_ARC = YES;
				CLANG_ENABLE_OBJC_WEAK = YES;
				CLANG_WARN_BLOCK_CAPTURE_AUTORELEASING = YES;
				CLANG_WARN_BOOL_CONVERSION = YES;
				CLANG_WARN_COMMA = YES;
				CLANG_WARN_CONSTANT_CONVERSION = YES;
				CLANG_WARN_DEPRECATED_OBJC_IMPLEMENTATIONS = YES;
				CLANG_WARN_DIRECT_OBJC_ISA_USAGE = YES_ERROR;
				CLANG_WARN_DOCUMENTATION_COMMENTS = YES;
				CLANG_WARN_EMPTY_BODY = YES;
				CLANG_WARN_ENUM_CONVERSION = YES;
				CLANG_WARN_INFINITE_RECURSION = YES;
				CLANG_WARN_INT_CONVERSION = YES;
				CLANG_WARN_NON_LITERAL_NULL_CONVERSION = YES;
				CLANG_WARN_OBJC_IMPLICIT_RETAIN_SELF = YES;
				CLANG_WARN_OBJC_LITERAL_CONVERSION = YES;
				CLANG_WARN_OBJC_ROOT_CLASS = YES_ERROR;
				CLANG_WARN_QUOTED_INCLUDE_IN_FRAMEWORK_HEADER = YES;
				CLANG_WARN_RANGE_LOOP_ANALYSIS = YES;
				CLANG_WARN_STRICT_PROTOTYPES = YES;
				CLANG_WARN_SUSPICIOUS_MOVE = YES;
				CLANG_WARN_UNGUARDED_AVAILABILITY = YES_AGGRESSIVE;
				CLANG_WARN_UNREACHABLE_CODE = YES;
				CLANG_WARN__DUPLICATE_METHOD_MATCH = YES;
				COPY_PHASE_STRIP = NO;
				DEBUG_INFORMATION_FORMAT = dwarf;
				ENABLE_STRICT_OBJC_MSGSEND = YES;
				ENABLE_TESTABILITY = YES;
				GCC_C_LANGUAGE_STANDARD = gnu11;
				GCC_DYNAMIC_NO_PIC = NO;
				GCC_NO_COMMON_BLOCKS = YES;
				GCC_OPTIMIZATION_LEVEL = 0;
				GCC_PREPROCESSOR_DEFINITIONS = (
					"DEBUG=1",
					"$(inherited)",
				);
				GCC_WARN_64_TO_32_BIT_CONVERSION = YES;
				GCC_WARN_ABOUT_RETURN_TYPE = YES_ERROR;
				GCC_WARN_UNDECLARED_SELECTOR = YES;
				GCC_WARN_UNINITIALIZED_AUTOS = YES_AGGRESSIVE;
				GCC_WARN_UNUSED_FUNCTION = YES;
				GCC_WARN_UNUSED_VARIABLE = YES;
				IPHONEOS_DEPLOYMENT_TARGET = 16.2;
				MTL_ENABLE_DEBUG_INFO = INCLUDE_SOURCE;
				MTL_FAST_MATH = YES;
				ONLY_ACTIVE_ARCH = YES;
				SDKROOT = iphoneos;
				SWIFT_ACTIVE_COMPILATION_CONDITIONS = DEBUG;
				SWIFT_OPTIMIZATION_LEVEL = "-Onone";
			};
			name = Debug;
		};
		B4FFBE352A36161D001F09AD /* Release */ = {
			isa = XCBuildConfiguration;
			buildSettings = {
				ALWAYS_SEARCH_USER_PATHS = NO;
				CLANG_ANALYZER_NONNULL = YES;
				CLANG_ANALYZER_NUMBER_OBJECT_CONVERSION = YES_AGGRESSIVE;
				CLANG_CXX_LANGUAGE_STANDARD = "gnu++20";
				CLANG_ENABLE_MODULES = YES;
				CLANG_ENABLE_OBJC_ARC = YES;
				CLANG_ENABLE_OBJC_WEAK = YES;
				CLANG_WARN_BLOCK_CAPTURE_AUTORELEASING = YES;
				CLANG_WARN_BOOL_CONVERSION = YES;
				CLANG_WARN_COMMA = YES;
				CLANG_WARN_CONSTANT_CONVERSION = YES;
				CLANG_WARN_DEPRECATED_OBJC_IMPLEMENTATIONS = YES;
				CLANG_WARN_DIRECT_OBJC_ISA_USAGE = YES_ERROR;
				CLANG_WARN_DOCUMENTATION_COMMENTS = YES;
				CLANG_WARN_EMPTY_BODY = YES;
				CLANG_WARN_ENUM_CONVERSION = YES;
				CLANG_WARN_INFINITE_RECURSION = YES;
				CLANG_WARN_INT_CONVERSION = YES;
				CLANG_WARN_NON_LITERAL_NULL_CONVERSION = YES;
				CLANG_WARN_OBJC_IMPLICIT_RETAIN_SELF = YES;
				CLANG_WARN_OBJC_LITERAL_CONVERSION = YES;
				CLANG_WARN_OBJC_ROOT_CLASS = YES_ERROR;
				CLANG_WARN_QUOTED_INCLUDE_IN_FRAMEWORK_HEADER = YES;
				CLANG_WARN_RANGE_LOOP_ANALYSIS = YES;
				CLANG_WARN_STRICT_PROTOTYPES = YES;
				CLANG_WARN_SUSPICIOUS_MOVE = YES;
				CLANG_WARN_UNGUARDED_AVAILABILITY = YES_AGGRESSIVE;
				CLANG_WARN_UNREACHABLE_CODE = YES;
				CLANG_WARN__DUPLICATE_METHOD_MATCH = YES;
				COPY_PHASE_STRIP = NO;
				DEBUG_INFORMATION_FORMAT = "dwarf-with-dsym";
				ENABLE_NS_ASSERTIONS = NO;
				ENABLE_STRICT_OBJC_MSGSEND = YES;
				GCC_C_LANGUAGE_STANDARD = gnu11;
				GCC_NO_COMMON_BLOCKS = YES;
				GCC_WARN_64_TO_32_BIT_CONVERSION = YES;
				GCC_WARN_ABOUT_RETURN_TYPE = YES_ERROR;
				GCC_WARN_UNDECLARED_SELECTOR = YES;
				GCC_WARN_UNINITIALIZED_AUTOS = YES_AGGRESSIVE;
				GCC_WARN_UNUSED_FUNCTION = YES;
				GCC_WARN_UNUSED_VARIABLE = YES;
				IPHONEOS_DEPLOYMENT_TARGET = 16.2;
				MTL_ENABLE_DEBUG_INFO = NO;
				MTL_FAST_MATH = YES;
				SDKROOT = iphoneos;
				SWIFT_COMPILATION_MODE = wholemodule;
				SWIFT_OPTIMIZATION_LEVEL = "-O";
				VALIDATE_PRODUCT = YES;
			};
			name = Release;
		};
		B4FFBE372A36161D001F09AD /* Debug */ = {
			isa = XCBuildConfiguration;
			baseConfigurationReference = 6E7EDBFBF8ACD50437237B58 /* Pods-Cheater.debug.xcconfig */;
			buildSettings = {
				ASSETCATALOG_COMPILER_APPICON_NAME = AppIcon;
				ASSETCATALOG_COMPILER_GLOBAL_ACCENT_COLOR_NAME = AccentColor;
				CLANG_ENABLE_MODULES = YES;
				CODE_SIGN_STYLE = Automatic;
				CURRENT_PROJECT_VERSION = 1;
				DEVELOPMENT_TEAM = J9CJUEB6H8;
				GENERATE_INFOPLIST_FILE = YES;
				INFOPLIST_FILE = Cheater/Info.plist;
				INFOPLIST_KEY_LSApplicationCategoryType = "";
				INFOPLIST_KEY_NSCameraUsageDescription = "需要访问您的相册,用于继续当前流程";
				INFOPLIST_KEY_NSPhotoLibraryUsageDescription = "需要访问您的相册,用于继续当前流程";
				INFOPLIST_KEY_UIApplicationSupportsIndirectInputEvents = YES;
				INFOPLIST_KEY_UILaunchStoryboardName = LaunchScreen.storyboard;
				INFOPLIST_KEY_UIMainStoryboardFile = Main;
				INFOPLIST_KEY_UIStatusBarStyle = "";
				INFOPLIST_KEY_UISupportedInterfaceOrientations = UIInterfaceOrientationPortrait;
				INFOPLIST_KEY_UISupportedInterfaceOrientations_iPad = "UIInterfaceOrientationLandscapeLeft UIInterfaceOrientationLandscapeRight UIInterfaceOrientationPortrait UIInterfaceOrientationPortraitUpsideDown";
				IPHONEOS_DEPLOYMENT_TARGET = 13.0;
				LD_RUNPATH_SEARCH_PATHS = (
					"$(inherited)",
					"@executable_path/Frameworks",
				);
				MARKETING_VERSION = 1.0;
				OTHER_LDFLAGS = (
					"$(inherited)",
					"-framework",
					"\"Foundation\"",
					"-framework",
					"\"Masonry\"",
					"-framework",
					"\"SnapKit\"",
					"-framework",
					"\"UIKit\"",
					"-framework",
					"\"XYInfomationSection\"",
					"-framework",
					"\"XYNav\"",
					"-framework",
					"\"XYUIKit\"",
				);
				PRODUCT_BUNDLE_IDENTIFIER = com.xiaoyou.Cheater;
				PRODUCT_NAME = "$(TARGET_NAME)";
				SUPPORTED_PLATFORMS = "iphoneos iphonesimulator";
				SUPPORTS_MACCATALYST = NO;
				SUPPORTS_MAC_DESIGNED_FOR_IPHONE_IPAD = YES;
				SWIFT_EMIT_LOC_STRINGS = YES;
				SWIFT_OBJC_BRIDGING_HEADER = "Cheater/Cheater-Bridging-Header.h";
				SWIFT_OPTIMIZATION_LEVEL = "-Onone";
				SWIFT_VERSION = 5.0;
				TARGETED_DEVICE_FAMILY = 1;
			};
			name = Debug;
		};
		B4FFBE382A36161D001F09AD /* Release */ = {
			isa = XCBuildConfiguration;
			baseConfigurationReference = 26A6EDACAA988EFA8AA90764 /* Pods-Cheater.release.xcconfig */;
			buildSettings = {
				ASSETCATALOG_COMPILER_APPICON_NAME = AppIcon;
				ASSETCATALOG_COMPILER_GLOBAL_ACCENT_COLOR_NAME = AccentColor;
				CLANG_ENABLE_MODULES = YES;
				CODE_SIGN_STYLE = Automatic;
				CURRENT_PROJECT_VERSION = 1;
				DEVELOPMENT_TEAM = J9CJUEB6H8;
				GENERATE_INFOPLIST_FILE = YES;
				INFOPLIST_FILE = Cheater/Info.plist;
				INFOPLIST_KEY_LSApplicationCategoryType = "";
				INFOPLIST_KEY_NSCameraUsageDescription = "需要访问您的相册,用于继续当前流程";
				INFOPLIST_KEY_NSPhotoLibraryUsageDescription = "需要访问您的相册,用于继续当前流程";
				INFOPLIST_KEY_UIApplicationSupportsIndirectInputEvents = YES;
				INFOPLIST_KEY_UILaunchStoryboardName = LaunchScreen.storyboard;
				INFOPLIST_KEY_UIMainStoryboardFile = Main;
				INFOPLIST_KEY_UIStatusBarStyle = "";
				INFOPLIST_KEY_UISupportedInterfaceOrientations = UIInterfaceOrientationPortrait;
				INFOPLIST_KEY_UISupportedInterfaceOrientations_iPad = "UIInterfaceOrientationLandscapeLeft UIInterfaceOrientationLandscapeRight UIInterfaceOrientationPortrait UIInterfaceOrientationPortraitUpsideDown";
				IPHONEOS_DEPLOYMENT_TARGET = 13.0;
				LD_RUNPATH_SEARCH_PATHS = (
					"$(inherited)",
					"@executable_path/Frameworks",
				);
				MARKETING_VERSION = 1.0;
				OTHER_LDFLAGS = (
					"$(inherited)",
					"-framework",
					"\"Foundation\"",
					"-framework",
					"\"Masonry\"",
					"-framework",
					"\"SnapKit\"",
					"-framework",
					"\"UIKit\"",
					"-framework",
					"\"XYInfomationSection\"",
					"-framework",
					"\"XYNav\"",
					"-framework",
					"\"XYUIKit\"",
				);
				PRODUCT_BUNDLE_IDENTIFIER = com.xiaoyou.Cheater;
				PRODUCT_NAME = "$(TARGET_NAME)";
				SUPPORTED_PLATFORMS = "iphoneos iphonesimulator";
				SUPPORTS_MACCATALYST = NO;
				SUPPORTS_MAC_DESIGNED_FOR_IPHONE_IPAD = YES;
				SWIFT_EMIT_LOC_STRINGS = YES;
				SWIFT_OBJC_BRIDGING_HEADER = "Cheater/Cheater-Bridging-Header.h";
				SWIFT_VERSION = 5.0;
				TARGETED_DEVICE_FAMILY = 1;
			};
			name = Release;
		};
/* End XCBuildConfiguration section */

/* Begin XCConfigurationList section */
		B4FFBE1D2A36161C001F09AD /* Build configuration list for PBXProject "Cheater" */ = {
			isa = XCConfigurationList;
			buildConfigurations = (
				B4FFBE342A36161D001F09AD /* Debug */,
				B4FFBE352A36161D001F09AD /* Release */,
			);
			defaultConfigurationIsVisible = 0;
			defaultConfigurationName = Release;
		};
		B4FFBE362A36161D001F09AD /* Build configuration list for PBXNativeTarget "Cheater" */ = {
			isa = XCConfigurationList;
			buildConfigurations = (
				B4FFBE372A36161D001F09AD /* Debug */,
				B4FFBE382A36161D001F09AD /* Release */,
			);
			defaultConfigurationIsVisible = 0;
			defaultConfigurationName = Release;
		};
/* End XCConfigurationList section */
	};
	rootObject = B4FFBE1A2A36161C001F09AD /* Project object */;
}
