// !$*UTF8*$!
{
	archiveVersion = 1;
	classes = {
	};
	objectVersion = 55;
	objects = {

/* Begin PBXBuildFile section */
		7DA33F46A5B4A4C28F7E5C69 /* Pods_Cheater.framework in Frameworks */ = {isa = PBXBuildFile; fileRef = 0E0BB7D9FF695167719B58D0 /* Pods_Cheater.framework */; };
		B475F2BB2A3698AA006C7351 /* XYHomeViewController.m in Sources */ = {isa = PBXBuildFile; fileRef = B475F2BA2A3698AA006C7351 /* XYHomeViewController.m */; };
		B4FFBE262A36161C001F09AD /* AppDelegate.swift in Sources */ = {isa = PBXBuildFile; fileRef = B4FFBE252A36161C001F09AD /* AppDelegate.swift */; };
		B4FFBE282A36161C001F09AD /* SceneDelegate.swift in Sources */ = {isa = PBXBuildFile; fileRef = B4FFBE272A36161C001F09AD /* SceneDelegate.swift */; };
		B4FFBE2A2A36161C001F09AD /* HomeViewController.swift in Sources */ = {isa = PBXBuildFile; fileRef = B4FFBE292A36161C001F09AD /* HomeViewController.swift */; };
		B4FFBE2D2A36161C001F09AD /* Main.storyboard in Resources */ = {isa = PBXBuildFile; fileRef = B4FFBE2B2A36161C001F09AD /* Main.storyboard */; };
		B4FFBE2F2A36161D001F09AD /* Assets.xcassets in Resources */ = {isa = PBXBuildFile; fileRef = B4FFBE2E2A36161D001F09AD /* Assets.xcassets */; };
		B4FFBE322A36161D001F09AD /* LaunchScreen.storyboard in Resources */ = {isa = PBXBuildFile; fileRef = B4FFBE302A36161D001F09AD /* LaunchScreen.storyboard */; };
		B4FFBE3A2A3619C2001F09AD /* MineViewController.swift in Sources */ = {isa = PBXBuildFile; fileRef = B4FFBE392A3619C2001F09AD /* MineViewController.swift */; };
		B4FFBE3D2A362C18001F09AD /* XYChatInputBar.swift in Sources */ = {isa = PBXBuildFile; fileRef = B4FFBE3C2A362C18001F09AD /* XYChatInputBar.swift */; };
/* End PBXBuildFile section */

/* Begin PBXFileReference section */
		0E0BB7D9FF695167719B58D0 /* Pods_Cheater.framework */ = {isa = PBXFileReference; explicitFileType = wrapper.framework; includeInIndex = 0; path = Pods_Cheater.framework; sourceTree = BUILT_PRODUCTS_DIR; };
		26A6EDACAA988EFA8AA90764 /* Pods-Cheater.release.xcconfig */ = {isa = PBXFileReference; includeInIndex = 1; lastKnownFileType = text.xcconfig; name = "Pods-Cheater.release.xcconfig"; path = "Target Support Files/Pods-Cheater/Pods-Cheater.release.xcconfig"; sourceTree = "<group>"; };
		6E7EDBFBF8ACD50437237B58 /* Pods-Cheater.debug.xcconfig */ = {isa = PBXFileReference; includeInIndex = 1; lastKnownFileType = text.xcconfig; name = "Pods-Cheater.debug.xcconfig"; path = "Target Support Files/Pods-Cheater/Pods-Cheater.debug.xcconfig"; sourceTree = "<group>"; };
		B475F2B82A3698A9006C7351 /* Cheater-Bridging-Header.h */ = {isa = PBXFileReference; lastKnownFileType = sourcecode.c.h; path = "Cheater-Bridging-Header.h"; sourceTree = "<group>"; };
		B475F2B92A3698AA006C7351 /* XYHomeViewController.h */ = {isa = PBXFileReference; lastKnownFileType = sourcecode.c.h; path = XYHomeViewController.h; sourceTree = "<group>"; };
		B475F2BA2A3698AA006C7351 /* XYHomeViewController.m */ = {isa = PBXFileReference; lastKnownFileType = sourcecode.c.objc; path = XYHomeViewController.m; sourceTree = "<group>"; };
		B4FFBE222A36161C001F09AD /* Cheater.app */ = {isa = PBXFileReference; explicitFileType = wrapper.application; includeInIndex = 0; path = Cheater.app; sourceTree = BUILT_PRODUCTS_DIR; };
		B4FFBE252A36161C001F09AD /* AppDelegate.swift */ = {isa = PBXFileReference; lastKnownFileType = sourcecode.swift; path = AppDelegate.swift; sourceTree = "<group>"; };
		B4FFBE272A36161C001F09AD /* SceneDelegate.swift */ = {isa = PBXFileReference; lastKnownFileType = sourcecode.swift; path = SceneDelegate.swift; sourceTree = "<group>"; };
		B4FFBE292A36161C001F09AD /* HomeViewController.swift */ = {isa = PBXFileReference; lastKnownFileType = sourcecode.swift; path = HomeViewController.swift; sourceTree = "<group>"; };
		B4FFBE2C2A36161C001F09AD /* Base */ = {isa = PBXFileReference; lastKnownFileType = file.storyboard; name = Base; path = Base.lproj/Main.storyboard; sourceTree = "<group>"; };
		B4FFBE2E2A36161D001F09AD /* Assets.xcassets */ = {isa = PBXFileReference; lastKnownFileType = folder.assetcatalog; path = Assets.xcassets; sourceTree = "<group>"; };
		B4FFBE312A36161D001F09AD /* Base */ = {isa = PBXFileReference; lastKnownFileType = file.storyboard; name = Base; path = Base.lproj/LaunchScreen.storyboard; sourceTree = "<group>"; };
		B4FFBE332A36161D001F09AD /* Info.plist */ = {isa = PBXFileReference; lastKnownFileType = text.plist.xml; path = Info.plist; sourceTree = "<group>"; };
		B4FFBE392A3619C2001F09AD /* MineViewController.swift */ = {isa = PBXFileReference; lastKnownFileType = sourcecode.swift; path = MineViewController.swift; sourceTree = "<group>"; };
		B4FFBE3C2A362C18001F09AD /* XYChatInputBar.swift */ = {isa = PBXFileReference; lastKnownFileType = sourcecode.swift; path = XYChatInputBar.swift; sourceTree = "<group>"; };
/* End PBXFileReference section */

/* Begin PBXFrameworksBuildPhase section */
		B4FFBE1F2A36161C001F09AD /* Frameworks */ = {
			isa = PBXFrameworksBuildPhase;
			buildActionMask = 2147483647;
			files = (
				7DA33F46A5B4A4C28F7E5C69 /* Pods_Cheater.framework in Frameworks */,
			);
			runOnlyForDeploymentPostprocessing = 0;
		};
/* End PBXFrameworksBuildPhase section */

/* Begin PBXGroup section */
		386228FE40E928E7AC8CF48A /* Pods */ = {
			isa = PBXGroup;
			children = (
				6E7EDBFBF8ACD50437237B58 /* Pods-Cheater.debug.xcconfig */,
				26A6EDACAA988EFA8AA90764 /* Pods-Cheater.release.xcconfig */,
			);
			path = Pods;
			sourceTree = "<group>";
		};
		3E1D68BD4F13F4CFA08ACCBB /* Frameworks */ = {
			isa = PBXGroup;
			children = (
				0E0BB7D9FF695167719B58D0 /* Pods_Cheater.framework */,
			);
			name = Frameworks;
			sourceTree = "<group>";
		};
		B4FFBE192A36161C001F09AD = {
			isa = PBXGroup;
			children = (
				B4FFBE242A36161C001F09AD /* Cheater */,
				B4FFBE232A36161C001F09AD /* Products */,
				386228FE40E928E7AC8CF48A /* Pods */,
				3E1D68BD4F13F4CFA08ACCBB /* Frameworks */,
			);
			sourceTree = "<group>";
		};
		B4FFBE232A36161C001F09AD /* Products */ = {
			isa = PBXGroup;
			children = (
				B4FFBE222A36161C001F09AD /* Cheater.app */,
			);
			name = Products;
			sourceTree = "<group>";
		};
		B4FFBE242A36161C001F09AD /* Cheater */ = {
			isa = PBXGroup;
			children = (
				B4FFBE3B2A362BE4001F09AD /* ChatInputBar */,
				B4FFBE252A36161C001F09AD /* AppDelegate.swift */,
				B4FFBE272A36161C001F09AD /* SceneDelegate.swift */,
				B4FFBE292A36161C001F09AD /* HomeViewController.swift */,
				B4FFBE392A3619C2001F09AD /* MineViewController.swift */,
				B4FFBE2B2A36161C001F09AD /* Main.storyboard */,
				B4FFBE2E2A36161D001F09AD /* Assets.xcassets */,
				B4FFBE302A36161D001F09AD /* LaunchScreen.storyboard */,
				B4FFBE332A36161D001F09AD /* Info.plist */,
				B475F2B92A3698AA006C7351 /* XYHomeViewController.h */,
				B475F2BA2A3698AA006C7351 /* XYHomeViewController.m */,
				B475F2B82A3698A9006C7351 /* Cheater-Bridging-Header.h */,
			);
			path = Cheater;
			sourceTree = "<group>";
		};
		B4FFBE3B2A362BE4001F09AD /* ChatInputBar */ = {
			isa = PBXGroup;
			children = (
				B4FFBE3C2A362C18001F09AD /* XYChatInputBar.swift */,
			);
			path = ChatInputBar;
			sourceTree = "<group>";
		};
/* End PBXGroup section */

/* Begin PBXNativeTarget section */
		B4FFBE212A36161C001F09AD /* Cheater */ = {
			isa = PBXNativeTarget;
			buildConfigurationList = B4FFBE362A36161D001F09AD /* Build configuration list for PBXNativeTarget "Cheater" */;
			buildPhases = (
				FC7181F42626EE04FA09822C /* [CP] Check Pods Manifest.lock */,
				B4FFBE1E2A36161C001F09AD /* Sources */,
				B4FFBE1F2A36161C001F09AD /* Frameworks */,
				B4FFBE202A36161C001F09AD /* Resources */,
				0541206179092C71529C605B /* [CP] Embed Pods Frameworks */,
			);
			buildRules = (
			);
			dependencies = (
			);
			name = Cheater;
			productName = Cheater;
			productReference = B4FFBE222A36161C001F09AD /* Cheater.app */;
			productType = "com.apple.product-type.application";
		};
/* End PBXNativeTarget section */

/* Begin PBXProject section */
		B4FFBE1A2A36161C001F09AD /* Project object */ = {
			isa = PBXProject;
			attributes = {
				BuildIndependentTargetsInParallel = 1;
				CLASSPREFIX = XY;
				LastSwiftUpdateCheck = 1420;
				LastUpgradeCheck = 1420;
				ORGANIZATIONNAME = xiaoyou;
				TargetAttributes = {
					B4FFBE212A36161C001F09AD = {
						CreatedOnToolsVersion = 14.2;
						LastSwiftMigration = 1420;
					};
				};
			};
			buildConfigurationList = B4FFBE1D2A36161C001F09AD /* Build configuration list for PBXProject "Cheater" */;
			compatibilityVersion = "Xcode 13.0";
			developmentRegion = en;
			hasScannedForEncodings = 0;
			knownRegions = (
				en,
				Base,
			);
			mainGroup = B4FFBE192A36161C001F09AD;
			productRefGroup = B4FFBE232A36161C001F09AD /* Products */;
			projectDirPath = "";
			projectRoot = "";
			targets = (
				B4FFBE212A36161C001F09AD /* Cheater */,
			);
		};
/* End PBXProject section */

/* Begin PBXResourcesBuildPhase section */
		B4FFBE202A36161C001F09AD /* Resources */ = {
			isa = PBXResourcesBuildPhase;
			buildActionMask = 2147483647;
			files = (
				B4FFBE322A36161D001F09AD /* LaunchScreen.storyboard in Resources */,
				B4FFBE2F2A36161D001F09AD /* Assets.xcassets in Resources */,
				B4FFBE2D2A36161C001F09AD /* Main.storyboard in Resources */,
			);
			runOnlyForDeploymentPostprocessing = 0;
		};
/* End PBXResourcesBuildPhase section */

/* Begin PBXShellScriptBuildPhase section */
		0541206179092C71529C605B /* [CP] Embed Pods Frameworks */ = {
			isa = PBXShellScriptBuildPhase;
			buildActionMask = 2147483647;
			files = (
			);
			inputFileListPaths = (
				"${PODS_ROOT}/Target Support Files/Pods-Cheater/Pods-Cheater-frameworks-${CONFIGURATION}-input-files.xcfilelist",
			);
			name = "[CP] Embed Pods Frameworks";
			outputFileListPaths = (
				"${PODS_ROOT}/Target Support Files/Pods-Cheater/Pods-Cheater-frameworks-${CONFIGURATION}-output-files.xcfilelist",
			);
			runOnlyForDeploymentPostprocessing = 0;
			shellPath = /bin/sh;
			shellScript = "\"${PODS_ROOT}/Target Support Files/Pods-Cheater/Pods-Cheater-frameworks.sh\"\n";
			showEnvVarsInLog = 0;
		};
		FC7181F42626EE04FA09822C /* [CP] Check Pods Manifest.lock */ = {
			isa = PBXShellScriptBuildPhase;
			buildActionMask = 2147483647;
			files = (
			);
			inputFileListPaths = (
			);
			inputPaths = (
				"${PODS_PODFILE_DIR_PATH}/Podfile.lock",
				"${PODS_ROOT}/Manifest.lock",
			);
			name = "[CP] Check Pods Manifest.lock";
			outputFileListPaths = (
			);
			outputPaths = (
				"$(DERIVED_FILE_DIR)/Pods-Cheater-checkManifestLockResult.txt",
			);
			runOnlyForDeploymentPostprocessing = 0;
			shellPath = /bin/sh;
			shellScript = "diff \"${PODS_PODFILE_DIR_PATH}/Podfile.lock\" \"${PODS_ROOT}/Manifest.lock\" > /dev/null\nif [ $? != 0 ] ; then\n    # print error to STDERR\n    echo \"error: The sandbox is not in sync with the Podfile.lock. Run 'pod install' or update your CocoaPods installation.\" >&2\n    exit 1\nfi\n# This output is used by Xcode 'outputs' to avoid re-running this script phase.\necho \"SUCCESS\" > \"${SCRIPT_OUTPUT_FILE_0}\"\n";
			showEnvVarsInLog = 0;
		};
/* End PBXShellScriptBuildPhase section */

/* Begin PBXSourcesBuildPhase section */
		B4FFBE1E2A36161C001F09AD /* Sources */ = {
			isa = PBXSourcesBuildPhase;
			buildActionMask = 2147483647;
			files = (
				B475F2BB2A3698AA006C7351 /* XYHomeViewController.m in Sources */,
				B4FFBE3D2A362C18001F09AD /* XYChatInputBar.swift in Sources */,
				B4FFBE2A2A36161C001F09AD /* HomeViewController.swift in Sources */,
				B4FFBE3A2A3619C2001F09AD /* MineViewController.swift in Sources */,
				B4FFBE262A36161C001F09AD /* AppDelegate.swift in Sources */,
				B4FFBE282A36161C001F09AD /* SceneDelegate.swift in Sources */,
			);
			runOnlyForDeploymentPostprocessing = 0;
		};
/* End PBXSourcesBuildPhase section */

/* Begin PBXVariantGroup section */
		B4FFBE2B2A36161C001F09AD /* Main.storyboard */ = {
			isa = PBXVariantGroup;
			children = (
				B4FFBE2C2A36161C001F09AD /* Base */,
			);
			name = Main.storyboard;
			sourceTree = "<group>";
		};
		B4FFBE302A36161D001F09AD /* LaunchScreen.storyboard */ = {
			isa = PBXVariantGroup;
			children = (
				B4FFBE312A36161D001F09AD /* Base */,
			);
			name = LaunchScreen.storyboard;
			sourceTree = "<group>";
		};
/* End PBXVariantGroup section */

/* Begin XCBuildConfiguration section */
		B4FFBE342A36161D001F09AD /* Debug */ = {
			isa = XCBuildConfiguration;
			buildSettings = {
				ALWAYS_SEARCH_USER_PATHS = NO;
				CLANG_ANALYZER_NONNULL = YES;
				CLANG_ANALYZER_NUMBER_OBJECT_CONVERSION = YES_AGGRESSIVE;
				CLANG_CXX_LANGUAGE_STANDARD = "gnu++20";
				CLANG_ENABLE_MODULES = YES;
				CLANG_ENABLE_OBJC_ARC = YES;
				CLANG_ENABLE_OBJC_WEAK = YES;
				CLANG_WARN_BLOCK_CAPTURE_AUTORELEASING = YES;
				CLANG_WARN_BOOL_CONVERSION = YES;
				CLANG_WARN_COMMA = YES;
				CLANG_WARN_CONSTANT_CONVERSION = YES;
				CLANG_WARN_DEPRECATED_OBJC_IMPLEMENTATIONS = YES;
				CLANG_WARN_DIRECT_OBJC_ISA_USAGE = YES_ERROR;
				CLANG_WARN_DOCUMENTATION_COMMENTS = YES;
				CLANG_WARN_EMPTY_BODY = YES;
				CLANG_WARN_ENUM_CONVERSION = YES;
				CLANG_WARN_INFINITE_RECURSION = YES;
				CLANG_WARN_INT_CONVERSION = YES;
				CLANG_WARN_NON_LITERAL_NULL_CONVERSION = YES;
				CLANG_WARN_OBJC_IMPLICIT_RETAIN_SELF = YES;
				CLANG_WARN_OBJC_LITERAL_CONVERSION = YES;
				CLANG_WARN_OBJC_ROOT_CLASS = YES_ERROR;
				CLANG_WARN_QUOTED_INCLUDE_IN_FRAMEWORK_HEADER = YES;
				CLANG_WARN_RANGE_LOOP_ANALYSIS = YES;
				CLANG_WARN_STRICT_PROTOTYPES = YES;
				CLANG_WARN_SUSPICIOUS_MOVE = YES;
				CLANG_WARN_UNGUARDED_AVAILABILITY = YES_AGGRESSIVE;
				CLANG_WARN_UNREACHABLE_CODE = YES;
				CLANG_WARN__DUPLICATE_METHOD_MATCH = YES;
				COPY_PHASE_STRIP = NO;
				DEBUG_INFORMATION_FORMAT = dwarf;
				ENABLE_STRICT_OBJC_MSGSEND = YES;
				ENABLE_TESTABILITY = YES;
				GCC_C_LANGUAGE_STANDARD = gnu11;
				GCC_DYNAMIC_NO_PIC = NO;
				GCC_NO_COMMON_BLOCKS = YES;
				GCC_OPTIMIZATION_LEVEL = 0;
				GCC_PREPROCESSOR_DEFINITIONS = (
					"DEBUG=1",
					"$(inherited)",
				);
				GCC_WARN_64_TO_32_BIT_CONVERSION = YES;
				GCC_WARN_ABOUT_RETURN_TYPE = YES_ERROR;
				GCC_WARN_UNDECLARED_SELECTOR = YES;
				GCC_WARN_UNINITIALIZED_AUTOS = YES_AGGRESSIVE;
				GCC_WARN_UNUSED_FUNCTION = YES;
				GCC_WARN_UNUSED_VARIABLE = YES;
				IPHONEOS_DEPLOYMENT_TARGET = 16.2;
				MTL_ENABLE_DEBUG_INFO = INCLUDE_SOURCE;
				MTL_FAST_MATH = YES;
				ONLY_ACTIVE_ARCH = YES;
				SDKROOT = iphoneos;
				SWIFT_ACTIVE_COMPILATION_CONDITIONS = DEBUG;
				SWIFT_OPTIMIZATION_LEVEL = "-Onone";
			};
			name = Debug;
		};
		B4FFBE352A36161D001F09AD /* Release */ = {
			isa = XCBuildConfiguration;
			buildSettings = {
				ALWAYS_SEARCH_USER_PATHS = NO;
				CLANG_ANALYZER_NONNULL = YES;
				CLANG_ANALYZER_NUMBER_OBJECT_CONVERSION = YES_AGGRESSIVE;
				CLANG_CXX_LANGUAGE_STANDARD = "gnu++20";
				CLANG_ENABLE_MODULES = YES;
				CLANG_ENABLE_OBJC_ARC = YES;
				CLANG_ENABLE_OBJC_WEAK = YES;
				CLANG_WARN_BLOCK_CAPTURE_AUTORELEASING = YES;
				CLANG_WARN_BOOL_CONVERSION = YES;
				CLANG_WARN_COMMA = YES;
				CLANG_WARN_CONSTANT_CONVERSION = YES;
				CLANG_WARN_DEPRECATED_OBJC_IMPLEMENTATIONS = YES;
				CLANG_WARN_DIRECT_OBJC_ISA_USAGE = YES_ERROR;
				CLANG_WARN_DOCUMENTATION_COMMENTS = YES;
				CLANG_WARN_EMPTY_BODY = YES;
				CLANG_WARN_ENUM_CONVERSION = YES;
				CLANG_WARN_INFINITE_RECURSION = YES;
				CLANG_WARN_INT_CONVERSION = YES;
				CLANG_WARN_NON_LITERAL_NULL_CONVERSION = YES;
				CLANG_WARN_OBJC_IMPLICIT_RETAIN_SELF = YES;
				CLANG_WARN_OBJC_LITERAL_CONVERSION = YES;
				CLANG_WARN_OBJC_ROOT_CLASS = YES_ERROR;
				CLANG_WARN_QUOTED_INCLUDE_IN_FRAMEWORK_HEADER = YES;
				CLANG_WARN_RANGE_LOOP_ANALYSIS = YES;
				CLANG_WARN_STRICT_PROTOTYPES = YES;
				CLANG_WARN_SUSPICIOUS_MOVE = YES;
				CLANG_WARN_UNGUARDED_AVAILABILITY = YES_AGGRESSIVE;
				CLANG_WARN_UNREACHABLE_CODE = YES;
				CLANG_WARN__DUPLICATE_METHOD_MATCH = YES;
				COPY_PHASE_STRIP = NO;
				DEBUG_INFORMATION_FORMAT = "dwarf-with-dsym";
				ENABLE_NS_ASSERTIONS = NO;
				ENABLE_STRICT_OBJC_MSGSEND = YES;
				GCC_C_LANGUAGE_STANDARD = gnu11;
				GCC_NO_COMMON_BLOCKS = YES;
				GCC_WARN_64_TO_32_BIT_CONVERSION = YES;
				GCC_WARN_ABOUT_RETURN_TYPE = YES_ERROR;
				GCC_WARN_UNDECLARED_SELECTOR = YES;
				GCC_WARN_UNINITIALIZED_AUTOS = YES_AGGRESSIVE;
				GCC_WARN_UNUSED_FUNCTION = YES;
				GCC_WARN_UNUSED_VARIABLE = YES;
				IPHONEOS_DEPLOYMENT_TARGET = 16.2;
				MTL_ENABLE_DEBUG_INFO = NO;
				MTL_FAST_MATH = YES;
				SDKROOT = iphoneos;
				SWIFT_COMPILATION_MODE = wholemodule;
				SWIFT_OPTIMIZATION_LEVEL = "-O";
				VALIDATE_PRODUCT = YES;
			};
			name = Release;
		};
		B4FFBE372A36161D001F09AD /* Debug */ = {
			isa = XCBuildConfiguration;
			baseConfigurationReference = 6E7EDBFBF8ACD50437237B58 /* Pods-Cheater.debug.xcconfig */;
			buildSettings = {
				ASSETCATALOG_COMPILER_APPICON_NAME = AppIcon;
				ASSETCATALOG_COMPILER_GLOBAL_ACCENT_COLOR_NAME = AccentColor;
				CLANG_ENABLE_MODULES = YES;
				CODE_SIGN_STYLE = Automatic;
				CURRENT_PROJECT_VERSION = 1;
				DEVELOPMENT_TEAM = J9CJUEB6H8;
				GENERATE_INFOPLIST_FILE = YES;
				INFOPLIST_FILE = Cheater/Info.plist;
				INFOPLIST_KEY_UIApplicationSupportsIndirectInputEvents = YES;
				INFOPLIST_KEY_UILaunchStoryboardName = LaunchScreen.storyboard;
				INFOPLIST_KEY_UIMainStoryboardFile = Main;
				INFOPLIST_KEY_UIStatusBarStyle = "";
				INFOPLIST_KEY_UISupportedInterfaceOrientations = UIInterfaceOrientationPortrait;
				INFOPLIST_KEY_UISupportedInterfaceOrientations_iPad = "UIInterfaceOrientationLandscapeLeft UIInterfaceOrientationLandscapeRight UIInterfaceOrientationPortrait UIInterfaceOrientationPortraitUpsideDown";
				IPHONEOS_DEPLOYMENT_TARGET = 16.0;
				LD_RUNPATH_SEARCH_PATHS = (
					"$(inherited)",
					"@executable_path/Frameworks",
				);
				MARKETING_VERSION = 1.0;
				PRODUCT_BUNDLE_IDENTIFIER = com.xiaoyou.Cheater;
				PRODUCT_NAME = "$(TARGET_NAME)";
				SUPPORTED_PLATFORMS = "iphoneos iphonesimulator";
				SUPPORTS_MACCATALYST = NO;
				SUPPORTS_MAC_DESIGNED_FOR_IPHONE_IPAD = NO;
				SWIFT_EMIT_LOC_STRINGS = YES;
				SWIFT_OBJC_BRIDGING_HEADER = "Cheater/Cheater-Bridging-Header.h";
				SWIFT_OPTIMIZATION_LEVEL = "-Onone";
				SWIFT_VERSION = 5.0;
				TARGETED_DEVICE_FAMILY = 1;
			};
			name = Debug;
		};
		B4FFBE382A36161D001F09AD /* Release */ = {
			isa = XCBuildConfiguration;
			baseConfigurationReference = 26A6EDACAA988EFA8AA90764 /* Pods-Cheater.release.xcconfig */;
			buildSettings = {
				ASSETCATALOG_COMPILER_APPICON_NAME = AppIcon;
				ASSETCATALOG_COMPILER_GLOBAL_ACCENT_COLOR_NAME = AccentColor;
				CLANG_ENABLE_MODULES = YES;
				CODE_SIGN_STYLE = Automatic;
				CURRENT_PROJECT_VERSION = 1;
				DEVELOPMENT_TEAM = J9CJUEB6H8;
				GENERATE_INFOPLIST_FILE = YES;
				INFOPLIST_FILE = Cheater/Info.plist;
				INFOPLIST_KEY_UIApplicationSupportsIndirectInputEvents = YES;
				INFOPLIST_KEY_UILaunchStoryboardName = LaunchScreen.storyboard;
				INFOPLIST_KEY_UIMainStoryboardFile = Main;
				INFOPLIST_KEY_UIStatusBarStyle = "";
				INFOPLIST_KEY_UISupportedInterfaceOrientations = UIInterfaceOrientationPortrait;
				INFOPLIST_KEY_UISupportedInterfaceOrientations_iPad = "UIInterfaceOrientationLandscapeLeft UIInterfaceOrientationLandscapeRight UIInterfaceOrientationPortrait UIInterfaceOrientationPortraitUpsideDown";
				IPHONEOS_DEPLOYMENT_TARGET = 16.0;
				LD_RUNPATH_SEARCH_PATHS = (
					"$(inherited)",
					"@executable_path/Frameworks",
				);
				MARKETING_VERSION = 1.0;
				PRODUCT_BUNDLE_IDENTIFIER = com.xiaoyou.Cheater;
				PRODUCT_NAME = "$(TARGET_NAME)";
				SUPPORTED_PLATFORMS = "iphoneos iphonesimulator";
				SUPPORTS_MACCATALYST = NO;
				SUPPORTS_MAC_DESIGNED_FOR_IPHONE_IPAD = NO;
				SWIFT_EMIT_LOC_STRINGS = YES;
				SWIFT_OBJC_BRIDGING_HEADER = "Cheater/Cheater-Bridging-Header.h";
				SWIFT_VERSION = 5.0;
				TARGETED_DEVICE_FAMILY = 1;
			};
			name = Release;
		};
/* End XCBuildConfiguration section */

/* Begin XCConfigurationList section */
		B4FFBE1D2A36161C001F09AD /* Build configuration list for PBXProject "Cheater" */ = {
			isa = XCConfigurationList;
			buildConfigurations = (
				B4FFBE342A36161D001F09AD /* Debug */,
				B4FFBE352A36161D001F09AD /* Release */,
			);
			defaultConfigurationIsVisible = 0;
			defaultConfigurationName = Release;
		};
		B4FFBE362A36161D001F09AD /* Build configuration list for PBXNativeTarget "Cheater" */ = {
			isa = XCConfigurationList;
			buildConfigurations = (
				B4FFBE372A36161D001F09AD /* Debug */,
				B4FFBE382A36161D001F09AD /* Release */,
			);
			defaultConfigurationIsVisible = 0;
			defaultConfigurationName = Release;
		};
/* End XCConfigurationList section */
	};
	rootObject = B4FFBE1A2A36161C001F09AD /* Project object */;
}
